{
  "name": "monastry360",
  "lockfileVersion": 3,
  "requires": true,
  "packages": {
    "": {
      "dependencies": {
        "react-native-maps": "^1.20.1"
      }
    },
    "node_modules/@types/geojson": {
      "version": "7946.0.16",
      "resolved": "https://registry.npmjs.org/@types/geojson/-/geojson-7946.0.16.tgz",
      "integrity": "sha512-6C8nqWur3j98U6+lXDfTUWIfgvZU+EumvpHKcYjujKH7woYyLj2sUmff0tRhrqM7BohUw7Pz3ZB1jj2gW9Fvmg=="
    },
    "node_modules/react-native-maps": {
      "version": "1.20.1",
      "resolved": "https://registry.npmjs.org/react-native-maps/-/react-native-maps-1.20.1.tgz",
      "integrity": "sha512-NZI3B5Z6kxAb8gzb2Wxzu/+P2SlFIg1waHGIpQmazDSCRkNoHNY4g96g+xS0QPSaG/9xRBbDNnd2f2/OW6t6LQ==",
      "dependencies": {
        "@types/geojson": "^7946.0.13"
      },
      "engines": {
        "node": ">=18"
      },
      "peerDependencies": {
        "react": ">= 17.0.1",
        "react-native": ">= 0.64.3",
        "react-native-web": ">= 0.11"
      },
      "peerDependenciesMeta": {
        "react-native-web": {
          "optional": true
        }
      }
    }
  }
}
